
Microsoft Visual Studio Solution File, Format Version 12.00
Project("{FAE04EC0-301F-11D3-BF4B-00C04F79EFBC}") = "TripBlazor", "TripBlazor.csproj", "{F662D499-6644-4524-9BA0-D6A059A56ADE}"
EndProject
Global
	GlobalSection(SolutionConfigurationPlatforms) = preSolution
		Debug|Any CPU = Debug|Any CPU
		Release|Any CPU = Release|Any CPU
	EndGlobalSection
	GlobalSection(ProjectConfigurationPlatforms) = postSolution
		{F662D499-6644-4524-9BA0-D6A059A56ADE}.Debug|Any CPU.ActiveCfg = Debug|Any CPU
		{F662D499-6644-4524-9BA0-D6A059A56ADE}.Debug|Any CPU.Build.0 = Debug|Any CPU
		{F662D499-6644-4524-9BA0-D6A059A56ADE}.Release|Any CPU.ActiveCfg = Release|Any CPU
		{F662D499-6644-4524-9BA0-D6A059A56ADE}.Release|Any CPU.Build.0 = Release|Any CPU
	EndGlobalSection
EndGlobal
